
Microsoft Visual Studio Solution File, Format Version 12.00
# Visual Studio Version 17
VisualStudioVersion = 17.0.31903.59
MinimumVisualStudioVersion = 10.0.40219.1
Project("{FAE04EC0-301F-11D3-BF4B-00C04F79EFBC}") = "API", "API\API.csproj", "{A6E47075-B948-4CD9-B53B-2BB7FE957BA4}"
EndProject
Project("{FAE04EC0-301F-11D3-BF4B-00C04F79EFBC}") = "Application", "Application\Application.csproj", "{8D245EBF-12B7-4413-AB15-31A340F1BF17}"
EndProject
Project("{FAE04EC0-301F-11D3-BF4B-00C04F79EFBC}") = "Domain", "Domain\Domain.csproj", "{00738B60-97D9-4FBF-A1FC-79F311CDA239}"
EndProject
Project("{FAE04EC0-301F-11D3-BF4B-00C04F79EFBC}") = "Persistence", "Persistence\Persistence.csproj", "{2B5E1952-AB9A-42CA-B146-4BDA6E454A6D}"
EndProject
Global
	GlobalSection(SolutionConfigurationPlatforms) = preSolution
		Debug|Any CPU = Debug|Any CPU
		Release|Any CPU = Release|Any CPU
	EndGlobalSection
	GlobalSection(SolutionProperties) = preSolution
		HideSolutionNode = FALSE
	EndGlobalSection
	GlobalSection(ProjectConfigurationPlatforms) = postSolution
		{A6E47075-B948-4CD9-B53B-2BB7FE957BA4}.Debug|Any CPU.ActiveCfg = Debug|Any CPU
		{A6E47075-B948-4CD9-B53B-2BB7FE957BA4}.Debug|Any CPU.Build.0 = Debug|Any CPU
		{A6E47075-B948-4CD9-B53B-2BB7FE957BA4}.Release|Any CPU.ActiveCfg = Release|Any CPU
		{A6E47075-B948-4CD9-B53B-2BB7FE957BA4}.Release|Any CPU.Build.0 = Release|Any CPU
		{8D245EBF-12B7-4413-AB15-31A340F1BF17}.Debug|Any CPU.ActiveCfg = Debug|Any CPU
		{8D245EBF-12B7-4413-AB15-31A340F1BF17}.Debug|Any CPU.Build.0 = Debug|Any CPU
		{8D245EBF-12B7-4413-AB15-31A340F1BF17}.Release|Any CPU.ActiveCfg = Release|Any CPU
		{8D245EBF-12B7-4413-AB15-31A340F1BF17}.Release|Any CPU.Build.0 = Release|Any CPU
		{00738B60-97D9-4FBF-A1FC-79F311CDA239}.Debug|Any CPU.ActiveCfg = Debug|Any CPU
		{00738B60-97D9-4FBF-A1FC-79F311CDA239}.Debug|Any CPU.Build.0 = Debug|Any CPU
		{00738B60-97D9-4FBF-A1FC-79F311CDA239}.Release|Any CPU.ActiveCfg = Release|Any CPU
		{00738B60-97D9-4FBF-A1FC-79F311CDA239}.Release|Any CPU.Build.0 = Release|Any CPU
		{2B5E1952-AB9A-42CA-B146-4BDA6E454A6D}.Debug|Any CPU.ActiveCfg = Debug|Any CPU
		{2B5E1952-AB9A-42CA-B146-4BDA6E454A6D}.Debug|Any CPU.Build.0 = Debug|Any CPU
		{2B5E1952-AB9A-42CA-B146-4BDA6E454A6D}.Release|Any CPU.ActiveCfg = Release|Any CPU
		{2B5E1952-AB9A-42CA-B146-4BDA6E454A6D}.Release|Any CPU.Build.0 = Release|Any CPU
	EndGlobalSection
EndGlobal
